
Microsoft Visual Studio Solution File, Format Version 12.00
# Visual Studio Version 17
VisualStudioVersion = 17.5.002.0
MinimumVisualStudioVersion = 10.0.40219.1
Project("{9A19103F-16F7-4668-BE54-9A1E7A4F7556}") = "FMD-Card-Game", "FMD-Card-Game.csproj", "{19BB6DE7-7661-4900-BB8F-7E51188FDC7E}"
EndProject
Global
	GlobalSection(SolutionConfigurationPlatforms) = preSolution
		Debug|Any CPU = Debug|Any CPU
		Release|Any CPU = Release|Any CPU
	EndGlobalSection
	GlobalSection(ProjectConfigurationPlatforms) = postSolution
		{19BB6DE7-7661-4900-BB8F-7E51188FDC7E}.Debug|Any CPU.ActiveCfg = Debug|Any CPU
		{19BB6DE7-7661-4900-BB8F-7E51188FDC7E}.Debug|Any CPU.Build.0 = Debug|Any CPU
		{19BB6DE7-7661-4900-BB8F-7E51188FDC7E}.Release|Any CPU.ActiveCfg = Release|Any CPU
		{19BB6DE7-7661-4900-BB8F-7E51188FDC7E}.Release|Any CPU.Build.0 = Release|Any CPU
	EndGlobalSection
	GlobalSection(SolutionProperties) = preSolution
		HideSolutionNode = FALSE
	EndGlobalSection
	GlobalSection(ExtensibilityGlobals) = postSolution
		SolutionGuid = {5B442D15-E39F-4A0C-BFAC-70F1F23D9D31}
	EndGlobalSection
EndGlobal
